
Microsoft Visual Studio Solution File, Format Version 12.00
# Visual Studio 2012
Project("{E24C65DC-7377-472B-9ABA-BC803B73C61A}") = "MAARIV_PD_ENTREGA_RYR_31-08-2020(OK)", ".", "{6529F7DF-1D21-41D8-AD17-2C993A90ED76}"
	ProjectSection(WebsiteProperties) = preProject
		TargetFrameworkMoniker = ".NETFramework,Version%3Dv4.5"
		Debug.AspNetCompiler.VirtualPath = "/MAARIV_PD_ENTREGA_RYR_31-08-2020(OK)"
		Debug.AspNetCompiler.PhysicalPath = "..\MAARIV_PD_ENTREGA_RYR_31-08-2020(OK)\"
		Debug.AspNetCompiler.TargetPath = "PrecompiledWeb\MAARIV_PD_ENTREGA_RYR_31-08-2020(OK)\"
		Debug.AspNetCompiler.Updateable = "true"
		Debug.AspNetCompiler.ForceOverwrite = "true"
		Debug.AspNetCompiler.FixedNames = "false"
		Debug.AspNetCompiler.Debug = "True"
		Release.AspNetCompiler.VirtualPath = "/MAARIV_PD_ENTREGA_RYR_31-08-2020(OK)"
		Release.AspNetCompiler.PhysicalPath = "..\MAARIV_PD_ENTREGA_RYR_31-08-2020(OK)\"
		Release.AspNetCompiler.TargetPath = "PrecompiledWeb\MAARIV_PD_ENTREGA_RYR_31-08-2020(OK)\"
		Release.AspNetCompiler.Updateable = "true"
		Release.AspNetCompiler.ForceOverwrite = "true"
		Release.AspNetCompiler.FixedNames = "false"
		Release.AspNetCompiler.Debug = "False"
		VWDPort = "3772"
	EndProjectSection
EndProject
Global
	GlobalSection(SolutionConfigurationPlatforms) = preSolution
		Debug|Any CPU = Debug|Any CPU
	EndGlobalSection
	GlobalSection(ProjectConfigurationPlatforms) = postSolution
		{6529F7DF-1D21-41D8-AD17-2C993A90ED76}.Debug|Any CPU.ActiveCfg = Debug|Any CPU
		{6529F7DF-1D21-41D8-AD17-2C993A90ED76}.Debug|Any CPU.Build.0 = Debug|Any CPU
	EndGlobalSection
	GlobalSection(SolutionProperties) = preSolution
		HideSolutionNode = FALSE
	EndGlobalSection
EndGlobal
